{
  "name": "@gator/websocket-client",
  "version": "0.1.0",
  "lockfileVersion": 3,
  "requires": true,
  "packages": {
    "": {
      "name": "@gator/websocket-client",
      "version": "0.1.0",
      "license": "GPL-3.0-or-later",
      "dependencies": {
        "hpke-js": "1.8.0"
      },
      "engines": {
        "node": ">=22"
      }
    },
    "node_modules/@hpke/chacha20poly1305": {
      "version": "1.8.0",
      "resolved": "https://registry.npmjs.org/@hpke/chacha20poly1305/-/chacha20poly1305-1.8.0.tgz",
      "integrity": "sha512-FcBfAQ+Y99vMNJP2yrZ9wpL8V0GOwp1+zMyzvc6alasrBygfFjFm1yeUtyADJCu/27C3Lm5mJzx6u7pwg+cX5w==",
      "license": "MIT",
      "dependencies": {
        "@hpke/common": "^1.10.0"
      },
      "engines": {
        "node": ">=16.0.0"
      }
    },
    "node_modules/@hpke/common": {
      "version": "1.10.1",
      "resolved": "https://registry.npmjs.org/@hpke/common/-/common-1.10.1.tgz",
      "integrity": "sha512-moJwhmtLtuxiUzzNp1jpfBfx8yefKoO9D/RCR9dmwrnc7qjJqId1rEtQz+lSlU5cabX8daToMSx/7HayXOiaFw==",
      "license": "MIT",
      "engines": {
        "node": ">=16.0.0"
      }
    },
    "node_modules/@hpke/core": {
      "version": "1.9.0",
      "resolved": "https://registry.npmjs.org/@hpke/core/-/core-1.9.0.tgz",
      "integrity": "sha512-pFxWl1nNJeQCSUFs7+GAblHvXBCjn9EPN65vdKlYQil2aURaRxfGMO6vBKGqm1YHTKwiAxJQNEI70PbSowMP9Q==",
      "license": "MIT",
      "dependencies": {
        "@hpke/common": "^1.10.0"
      },
      "engines": {
        "node": ">=16.0.0"
      }
    },
    "node_modules/@hpke/dhkem-x25519": {
      "version": "1.8.0",
      "resolved": "https://registry.npmjs.org/@hpke/dhkem-x25519/-/dhkem-x25519-1.8.0.tgz",
      "integrity": "sha512-S1MWWkAfu+TFxySgv5+2P3O4Mx/jk7BsoplzQaA1s3sfUJVJ2UsZsSzSsMc+FXJumLXncoJFlO6mK6mDGspfmA==",
      "license": "MIT",
      "dependencies": {
        "@hpke/common": "^1.10.0"
      },
      "engines": {
        "node": ">=16.0.0"
      }
    },
    "node_modules/@hpke/dhkem-x448": {
      "version": "1.8.0",
      "resolved": "https://registry.npmjs.org/@hpke/dhkem-x448/-/dhkem-x448-1.8.0.tgz",
      "integrity": "sha512-mFfnZfgp4OKkUIS/FKikfUgdnDKRy25ytCKBQiV+N+HbYy3I4v4ZCPBQ69QL+TYmKmCZJeUEnYeS5K+OBRP+Eg==",
      "license": "MIT",
      "dependencies": {
        "@hpke/common": "^1.10.0"
      },
      "engines": {
        "node": ">=16.0.0"
      }
    },
    "node_modules/hpke-js": {
      "version": "1.8.0",
      "resolved": "https://registry.npmjs.org/hpke-js/-/hpke-js-1.8.0.tgz",
      "integrity": "sha512-N0PFQlUQsIPS9++nUNn2ZsxTPSv8pONyyrXIGZl0iiherRfS0XW1SvTd+RmepD0TN1S9zzTJkEutMIWWYt0/4w==",
      "license": "MIT",
      "dependencies": {
        "@hpke/chacha20poly1305": "^1.8.0",
        "@hpke/common": "^1.10.0",
        "@hpke/core": "^1.9.0",
        "@hpke/dhkem-x25519": "^1.8.0",
        "@hpke/dhkem-x448": "^1.8.0"
      },
      "engines": {
        "node": ">=16.0.0"
      }
    }
  }
}
